
Microsoft Visual Studio Solution File, Format Version 12.00
# Visual Studio Version 17
VisualStudioVersion = 17.5.2.0
MinimumVisualStudioVersion = 10.0.40219.1
Project("{FAE04EC0-301F-11D3-BF4B-00C04F79EFBC}") = "Optivem.Testing", "Optivem.Testing\Optivem.Testing.csproj", "{6821AB1B-1FAC-F26B-F6C5-6476E558E804}"
EndProject
Project("{FAE04EC0-301F-11D3-BF4B-00C04F79EFBC}") = "Optivem.Testing.Tests", "Optivem.Testing.Tests\Optivem.Testing.Tests.csproj", "{C20395EF-D47F-51D0-5534-456AE8F000D4}"
EndProject
Project("{2150E333-8FDC-42A3-9474-1A3956D46DE8}") = "SystemTest", "SystemTest", "{7A8524B3-EE5E-8AC2-2A42-9F1C9A015F67}"
EndProject
Project("{FAE04EC0-301F-11D3-BF4B-00C04F79EFBC}") = "Optivem.Testing.SystemTest.SmokeTestRc", "SystemTest\Optivem.Testing.SystemTest.SmokeTestRc\Optivem.Testing.SystemTest.SmokeTestRc.csproj", "{296A2BAD-78C0-4954-82BC-A4596787AA3C}"
EndProject
Project("{FAE04EC0-301F-11D3-BF4B-00C04F79EFBC}") = "Optivem.Testing.SystemTest.SmokeTestRelease", "SystemTest\Optivem.Testing.SystemTest.SmokeTestRelease\Optivem.Testing.SystemTest.SmokeTestRelease.csproj", "{63BE0D65-F6DF-494A-8807-B11FCAA30843}"
EndProject
Global
	GlobalSection(SolutionConfigurationPlatforms) = preSolution
		Debug|Any CPU = Debug|Any CPU
		Debug|x64 = Debug|x64
		Debug|x86 = Debug|x86
		Release|Any CPU = Release|Any CPU
		Release|x64 = Release|x64
		Release|x86 = Release|x86
	EndGlobalSection
	GlobalSection(ProjectConfigurationPlatforms) = postSolution
		{6821AB1B-1FAC-F26B-F6C5-6476E558E804}.Debug|Any CPU.ActiveCfg = Debug|Any CPU
		{6821AB1B-1FAC-F26B-F6C5-6476E558E804}.Debug|Any CPU.Build.0 = Debug|Any CPU
		{6821AB1B-1FAC-F26B-F6C5-6476E558E804}.Debug|x64.ActiveCfg = Debug|Any CPU
		{6821AB1B-1FAC-F26B-F6C5-6476E558E804}.Debug|x64.Build.0 = Debug|Any CPU
		{6821AB1B-1FAC-F26B-F6C5-6476E558E804}.Debug|x86.ActiveCfg = Debug|Any CPU
		{6821AB1B-1FAC-F26B-F6C5-6476E558E804}.Debug|x86.Build.0 = Debug|Any CPU
		{6821AB1B-1FAC-F26B-F6C5-6476E558E804}.Release|Any CPU.ActiveCfg = Release|Any CPU
		{6821AB1B-1FAC-F26B-F6C5-6476E558E804}.Release|Any CPU.Build.0 = Release|Any CPU
		{6821AB1B-1FAC-F26B-F6C5-6476E558E804}.Release|x64.ActiveCfg = Release|Any CPU
		{6821AB1B-1FAC-F26B-F6C5-6476E558E804}.Release|x64.Build.0 = Release|Any CPU
		{6821AB1B-1FAC-F26B-F6C5-6476E558E804}.Release|x86.ActiveCfg = Release|Any CPU
		{6821AB1B-1FAC-F26B-F6C5-6476E558E804}.Release|x86.Build.0 = Release|Any CPU
		{C20395EF-D47F-51D0-5534-456AE8F000D4}.Debug|Any CPU.ActiveCfg = Debug|Any CPU
		{C20395EF-D47F-51D0-5534-456AE8F000D4}.Debug|Any CPU.Build.0 = Debug|Any CPU
		{C20395EF-D47F-51D0-5534-456AE8F000D4}.Debug|x64.ActiveCfg = Debug|Any CPU
		{C20395EF-D47F-51D0-5534-456AE8F000D4}.Debug|x64.Build.0 = Debug|Any CPU
		{C20395EF-D47F-51D0-5534-456AE8F000D4}.Debug|x86.ActiveCfg = Debug|Any CPU
		{C20395EF-D47F-51D0-5534-456AE8F000D4}.Debug|x86.Build.0 = Debug|Any CPU
		{C20395EF-D47F-51D0-5534-456AE8F000D4}.Release|Any CPU.ActiveCfg = Release|Any CPU
		{C20395EF-D47F-51D0-5534-456AE8F000D4}.Release|Any CPU.Build.0 = Release|Any CPU
		{C20395EF-D47F-51D0-5534-456AE8F000D4}.Release|x64.ActiveCfg = Release|Any CPU
		{C20395EF-D47F-51D0-5534-456AE8F000D4}.Release|x64.Build.0 = Release|Any CPU
		{C20395EF-D47F-51D0-5534-456AE8F000D4}.Release|x86.ActiveCfg = Release|Any CPU
		{C20395EF-D47F-51D0-5534-456AE8F000D4}.Release|x86.Build.0 = Release|Any CPU
		{296A2BAD-78C0-4954-82BC-A4596787AA3C}.Debug|Any CPU.ActiveCfg = Debug|Any CPU
		{296A2BAD-78C0-4954-82BC-A4596787AA3C}.Debug|x64.ActiveCfg = Debug|Any CPU
		{296A2BAD-78C0-4954-82BC-A4596787AA3C}.Debug|x86.ActiveCfg = Debug|Any CPU
		{296A2BAD-78C0-4954-82BC-A4596787AA3C}.Release|Any CPU.ActiveCfg = Release|Any CPU
		{296A2BAD-78C0-4954-82BC-A4596787AA3C}.Release|x64.ActiveCfg = Release|Any CPU
		{296A2BAD-78C0-4954-82BC-A4596787AA3C}.Release|x86.ActiveCfg = Release|Any CPU
		{63BE0D65-F6DF-494A-8807-B11FCAA30843}.Debug|Any CPU.ActiveCfg = Debug|Any CPU
		{63BE0D65-F6DF-494A-8807-B11FCAA30843}.Debug|Any CPU.Build.0 = Debug|Any CPU
		{63BE0D65-F6DF-494A-8807-B11FCAA30843}.Debug|x64.ActiveCfg = Debug|Any CPU
		{63BE0D65-F6DF-494A-8807-B11FCAA30843}.Debug|x64.Build.0 = Debug|Any CPU
		{63BE0D65-F6DF-494A-8807-B11FCAA30843}.Debug|x86.ActiveCfg = Debug|Any CPU
		{63BE0D65-F6DF-494A-8807-B11FCAA30843}.Debug|x86.Build.0 = Debug|Any CPU
		{63BE0D65-F6DF-494A-8807-B11FCAA30843}.Release|Any CPU.ActiveCfg = Release|Any CPU
		{63BE0D65-F6DF-494A-8807-B11FCAA30843}.Release|Any CPU.Build.0 = Release|Any CPU
		{63BE0D65-F6DF-494A-8807-B11FCAA30843}.Release|x64.ActiveCfg = Release|Any CPU
		{63BE0D65-F6DF-494A-8807-B11FCAA30843}.Release|x64.Build.0 = Release|Any CPU
		{63BE0D65-F6DF-494A-8807-B11FCAA30843}.Release|x86.ActiveCfg = Release|Any CPU
		{63BE0D65-F6DF-494A-8807-B11FCAA30843}.Release|x86.Build.0 = Release|Any CPU
	EndGlobalSection
	GlobalSection(SolutionProperties) = preSolution
		HideSolutionNode = FALSE
	EndGlobalSection
	GlobalSection(NestedProjects) = preSolution
		{296A2BAD-78C0-4954-82BC-A4596787AA3C} = {7A8524B3-EE5E-8AC2-2A42-9F1C9A015F67}
		{63BE0D65-F6DF-494A-8807-B11FCAA30843} = {7A8524B3-EE5E-8AC2-2A42-9F1C9A015F67}
	EndGlobalSection
	GlobalSection(ExtensibilityGlobals) = postSolution
		SolutionGuid = {C578041A-2CA5-4293-BC4A-D8F60538072D}
	EndGlobalSection
EndGlobal
