Microsoft Visual Studio Solution File, Format Version 12.00
# Visual Studio Version 17
VisualStudioVersion = 17.5.2.0
MinimumVisualStudioVersion = 10.0.40219.1
Project("{FAE04EC0-301F-11D3-BF4B-00C04F79EFBC}") = "Optivem.Testing", "Optivem.Testing\Optivem.Testing.csproj", "{6821AB1B-1FAC-F26B-F6C5-6476E558E804}"
EndProject
Project("{FAE04EC0-301F-11D3-BF4B-00C04F79EFBC}") = "Optivem.Testing.Tests", "Optivem.Testing.Tests\Optivem.Testing.Tests.csproj", "{C20395EF-D47F-51D0-5534-456AE8F000D4}"
EndProject
Global
	GlobalSection(SolutionConfigurationPlatforms) = preSolution
		Debug|Any CPU = Debug|Any CPU
		Release|Any CPU = Release|Any CPU
	EndGlobalSection
	GlobalSection(ProjectConfigurationPlatforms) = postSolution
		{6821AB1B-1FAC-F26B-F6C5-6476E558E804}.Debug|Any CPU.ActiveCfg = Debug|Any CPU
		{6821AB1B-1FAC-F26B-F6C5-6476E558E804}.Debug|Any CPU.Build.0 = Debug|Any CPU
		{6821AB1B-1FAC-F26B-F6C5-6476E558E804}.Release|Any CPU.ActiveCfg = Release|Any CPU
		{6821AB1B-1FAC-F26B-F6C5-6476E558E804}.Release|Any CPU.Build.0 = Release|Any CPU
		{C20395EF-D47F-51D0-5534-456AE8F000D4}.Debug|Any CPU.ActiveCfg = Debug|Any CPU
		{C20395EF-D47F-51D0-5534-456AE8F000D4}.Debug|Any CPU.Build.0 = Debug|Any CPU
		{C20395EF-D47F-51D0-5534-456AE8F000D4}.Release|Any CPU.ActiveCfg = Release|Any CPU
		{C20395EF-D47F-51D0-5534-456AE8F000D4}.Release|Any CPU.Build.0 = Release|Any CPU
	EndGlobalSection
	GlobalSection(SolutionProperties) = preSolution
		HideSolutionNode = FALSE
	EndGlobalSection
	GlobalSection(ExtensibilityGlobals) = postSolution
		SolutionGuid = {C578041A-2CA5-4293-BC4A-D8F60538072D}
	EndGlobalSection
EndGlobal
